// !$*UTF8*$!
{
	archiveVersion = 1;
	classes = {
	};
	objectVersion = 56;
	objects = {

/* Begin PBXBuildFile section */
		591D07BE2AACE0030090AB39 /* TypingBubbleView.swift in Sources */ = {isa = PBXBuildFile; fileRef = 591D07BD2AACE0030090AB39 /* TypingBubbleView.swift */; };
		591D07C02AACEBB20090AB39 /* MessagePreviewView.swift in Sources */ = {isa = PBXBuildFile; fileRef = 591D07BF2AACEBB20090AB39 /* MessagePreviewView.swift */; };
		59435FE82ADC8A6200C614F8 /* CardImageScroller.swift in Sources */ = {isa = PBXBuildFile; fileRef = 59435FE72ADC8A6200C614F8 /* CardImageScroller.swift */; };
		59435FEC2ADC903500C614F8 /* CardView.swift in Sources */ = {isa = PBXBuildFile; fileRef = 59435FEB2ADC903500C614F8 /* CardView.swift */; };
		594475802AD32B79004C2D7E /* UserManager.swift in Sources */ = {isa = PBXBuildFile; fileRef = 5944757F2AD32B79004C2D7E /* UserManager.swift */; };
		594475822AD32BAA004C2D7E /* User.swift in Sources */ = {isa = PBXBuildFile; fileRef = 594475812AD32BAA004C2D7E /* User.swift */; };
		594475842AD32C80004C2D7E /* LikesView.swift in Sources */ = {isa = PBXBuildFile; fileRef = 594475832AD32C80004C2D7E /* LikesView.swift */; };
		594475872AD32E77004C2D7E /* PersonSquareView.swift in Sources */ = {isa = PBXBuildFile; fileRef = 594475862AD32E77004C2D7E /* PersonSquareView.swift */; };
		594475892AD3355C004C2D7E /* TopPicksView.swift in Sources */ = {isa = PBXBuildFile; fileRef = 594475882AD3355C004C2D7E /* TopPicksView.swift */; };
		5944758B2AD335E6004C2D7E /* MatchesView.swift in Sources */ = {isa = PBXBuildFile; fileRef = 5944758A2AD335E6004C2D7E /* MatchesView.swift */; };
		594475922AD37450004C2D7E /* PurchasePopup.swift in Sources */ = {isa = PBXBuildFile; fileRef = 594475912AD37450004C2D7E /* PurchasePopup.swift */; };
		599271A72AD3798200E7C270 /* PurchaseSwipeView.swift in Sources */ = {isa = PBXBuildFile; fileRef = 599271A62AD3798200E7C270 /* PurchaseSwipeView.swift */; };
		599271A92AD37BD500E7C270 /* PurchaseOptionView.swift in Sources */ = {isa = PBXBuildFile; fileRef = 599271A82AD37BD500E7C270 /* PurchaseOptionView.swift */; };
		599271AB2AD37BFC00E7C270 /* Subscription.swift in Sources */ = {isa = PBXBuildFile; fileRef = 599271AA2AD37BFC00E7C270 /* Subscription.swift */; };
		59A444E62AACB47700D3BE82 /* ChatViewHeader.swift in Sources */ = {isa = PBXBuildFile; fileRef = 59A444E52AACB47700D3BE82 /* ChatViewHeader.swift */; };
		59A444E82AACBFA200D3BE82 /* MessageListView.swift in Sources */ = {isa = PBXBuildFile; fileRef = 59A444E72AACBFA200D3BE82 /* MessageListView.swift */; };
		59A444EA2AACBFD000D3BE82 /* MessageListViewManager.swift in Sources */ = {isa = PBXBuildFile; fileRef = 59A444E92AACBFD000D3BE82 /* MessageListViewManager.swift */; };
		59D2B3812AA69289006551AA /* TinderCloneApp.swift in Sources */ = {isa = PBXBuildFile; fileRef = 59D2B3802AA69289006551AA /* TinderCloneApp.swift */; };
		59D2B3832AA69289006551AA /* ContentView.swift in Sources */ = {isa = PBXBuildFile; fileRef = 59D2B3822AA69289006551AA /* ContentView.swift */; };
		59D2B3852AA6928C006551AA /* Assets.xcassets in Resources */ = {isa = PBXBuildFile; fileRef = 59D2B3842AA6928C006551AA /* Assets.xcassets */; };
		59D2B3882AA6928C006551AA /* Preview Assets.xcassets in Resources */ = {isa = PBXBuildFile; fileRef = 59D2B3872AA6928C006551AA /* Preview Assets.xcassets */; };
		59D2B38F2AA693AE006551AA /* MainView.swift in Sources */ = {isa = PBXBuildFile; fileRef = 59D2B38E2AA693AE006551AA /* MainView.swift */; };
		59D2B3912AA6951B006551AA /* TabBarButtonView.swift in Sources */ = {isa = PBXBuildFile; fileRef = 59D2B3902AA6951B006551AA /* TabBarButtonView.swift */; };
		59D2B3942AA696E8006551AA /* AppStateManager.swift in Sources */ = {isa = PBXBuildFile; fileRef = 59D2B3932AA696E8006551AA /* AppStateManager.swift */; };
		59D2B3962AA69821006551AA /* Extensions.swift in Sources */ = {isa = PBXBuildFile; fileRef = 59D2B3952AA69821006551AA /* Extensions.swift */; };
		59D2B3982AA69B7B006551AA /* ProfileView.swift in Sources */ = {isa = PBXBuildFile; fileRef = 59D2B3972AA69B7B006551AA /* ProfileView.swift */; };
		59D2B39B2AA69C5A006551AA /* RoundedImage.swift in Sources */ = {isa = PBXBuildFile; fileRef = 59D2B39A2AA69C5A006551AA /* RoundedImage.swift */; };
		59D2B39E2AA69CA7006551AA /* KingfisherSwiftUI in Frameworks */ = {isa = PBXBuildFile; productRef = 59D2B39D2AA69CA7006551AA /* KingfisherSwiftUI */; };
		59D2B3A12AA6A15A006551AA /* ProfileSwipePromo.swift in Sources */ = {isa = PBXBuildFile; fileRef = 59D2B3A02AA6A15A006551AA /* ProfileSwipePromo.swift */; };
		59D2B3A42AAC18D8006551AA /* Message.swift in Sources */ = {isa = PBXBuildFile; fileRef = 59D2B3A32AAC18D8006551AA /* Message.swift */; };
		59D2B3A62AAC1929006551AA /* Person.swift in Sources */ = {isa = PBXBuildFile; fileRef = 59D2B3A52AAC1929006551AA /* Person.swift */; };
		59D2B3A82AACB103006551AA /* MessagePreview.swift in Sources */ = {isa = PBXBuildFile; fileRef = 59D2B3A72AACB103006551AA /* MessagePreview.swift */; };
		59D2B3AB2AACB17D006551AA /* MessageView.swift in Sources */ = {isa = PBXBuildFile; fileRef = 59D2B3AA2AACB17D006551AA /* MessageView.swift */; };
		59D2B3AD2AACB27B006551AA /* ChatView.swift in Sources */ = {isa = PBXBuildFile; fileRef = 59D2B3AC2AACB27B006551AA /* ChatView.swift */; };
		59D2B3AF2AACB2B7006551AA /* ChatManager.swift in Sources */ = {isa = PBXBuildFile; fileRef = 59D2B3AE2AACB2B7006551AA /* ChatManager.swift */; };
/* End PBXBuildFile section */

/* Begin PBXFileReference section */
		591D07BD2AACE0030090AB39 /* TypingBubbleView.swift */ = {isa = PBXFileReference; lastKnownFileType = sourcecode.swift; path = TypingBubbleView.swift; sourceTree = "<group>"; };
		591D07BF2AACEBB20090AB39 /* MessagePreviewView.swift */ = {isa = PBXFileReference; lastKnownFileType = sourcecode.swift; path = MessagePreviewView.swift; sourceTree = "<group>"; };
		59435FE72ADC8A6200C614F8 /* CardImageScroller.swift */ = {isa = PBXFileReference; lastKnownFileType = sourcecode.swift; path = CardImageScroller.swift; sourceTree = "<group>"; };
		59435FEB2ADC903500C614F8 /* CardView.swift */ = {isa = PBXFileReference; lastKnownFileType = sourcecode.swift; path = CardView.swift; sourceTree = "<group>"; };
		5944757F2AD32B79004C2D7E /* UserManager.swift */ = {isa = PBXFileReference; lastKnownFileType = sourcecode.swift; path = UserManager.swift; sourceTree = "<group>"; };
		594475812AD32BAA004C2D7E /* User.swift */ = {isa = PBXFileReference; lastKnownFileType = sourcecode.swift; path = User.swift; sourceTree = "<group>"; };
		594475832AD32C80004C2D7E /* LikesView.swift */ = {isa = PBXFileReference; lastKnownFileType = sourcecode.swift; path = LikesView.swift; sourceTree = "<group>"; };
		594475862AD32E77004C2D7E /* PersonSquareView.swift */ = {isa = PBXFileReference; lastKnownFileType = sourcecode.swift; path = PersonSquareView.swift; sourceTree = "<group>"; };
		594475882AD3355C004C2D7E /* TopPicksView.swift */ = {isa = PBXFileReference; lastKnownFileType = sourcecode.swift; path = TopPicksView.swift; sourceTree = "<group>"; };
		5944758A2AD335E6004C2D7E /* MatchesView.swift */ = {isa = PBXFileReference; lastKnownFileType = sourcecode.swift; path = MatchesView.swift; sourceTree = "<group>"; };
		594475912AD37450004C2D7E /* PurchasePopup.swift */ = {isa = PBXFileReference; lastKnownFileType = sourcecode.swift; path = PurchasePopup.swift; sourceTree = "<group>"; };
		599271A62AD3798200E7C270 /* PurchaseSwipeView.swift */ = {isa = PBXFileReference; lastKnownFileType = sourcecode.swift; path = PurchaseSwipeView.swift; sourceTree = "<group>"; };
		599271A82AD37BD500E7C270 /* PurchaseOptionView.swift */ = {isa = PBXFileReference; lastKnownFileType = sourcecode.swift; path = PurchaseOptionView.swift; sourceTree = "<group>"; };
		599271AA2AD37BFC00E7C270 /* Subscription.swift */ = {isa = PBXFileReference; lastKnownFileType = sourcecode.swift; path = Subscription.swift; sourceTree = "<group>"; };
		59A444E52AACB47700D3BE82 /* ChatViewHeader.swift */ = {isa = PBXFileReference; lastKnownFileType = sourcecode.swift; path = ChatViewHeader.swift; sourceTree = "<group>"; };
		59A444E72AACBFA200D3BE82 /* MessageListView.swift */ = {isa = PBXFileReference; lastKnownFileType = sourcecode.swift; path = MessageListView.swift; sourceTree = "<group>"; };
		59A444E92AACBFD000D3BE82 /* MessageListViewManager.swift */ = {isa = PBXFileReference; lastKnownFileType = sourcecode.swift; path = MessageListViewManager.swift; sourceTree = "<group>"; };
		59D2B37D2AA69289006551AA /* TinderClone.app */ = {isa = PBXFileReference; explicitFileType = wrapper.application; includeInIndex = 0; path = TinderClone.app; sourceTree = BUILT_PRODUCTS_DIR; };
		59D2B3802AA69289006551AA /* TinderCloneApp.swift */ = {isa = PBXFileReference; lastKnownFileType = sourcecode.swift; path = TinderCloneApp.swift; sourceTree = "<group>"; };
		59D2B3822AA69289006551AA /* ContentView.swift */ = {isa = PBXFileReference; lastKnownFileType = sourcecode.swift; path = ContentView.swift; sourceTree = "<group>"; };
		59D2B3842AA6928C006551AA /* Assets.xcassets */ = {isa = PBXFileReference; lastKnownFileType = folder.assetcatalog; path = Assets.xcassets; sourceTree = "<group>"; };
		59D2B3872AA6928C006551AA /* Preview Assets.xcassets */ = {isa = PBXFileReference; lastKnownFileType = folder.assetcatalog; path = "Preview Assets.xcassets"; sourceTree = "<group>"; };
		59D2B38E2AA693AE006551AA /* MainView.swift */ = {isa = PBXFileReference; lastKnownFileType = sourcecode.swift; path = MainView.swift; sourceTree = "<group>"; };
		59D2B3902AA6951B006551AA /* TabBarButtonView.swift */ = {isa = PBXFileReference; lastKnownFileType = sourcecode.swift; path = TabBarButtonView.swift; sourceTree = "<group>"; };
		59D2B3932AA696E8006551AA /* AppStateManager.swift */ = {isa = PBXFileReference; lastKnownFileType = sourcecode.swift; path = AppStateManager.swift; sourceTree = "<group>"; };
		59D2B3952AA69821006551AA /* Extensions.swift */ = {isa = PBXFileReference; lastKnownFileType = sourcecode.swift; path = Extensions.swift; sourceTree = "<group>"; };
		59D2B3972AA69B7B006551AA /* ProfileView.swift */ = {isa = PBXFileReference; lastKnownFileType = sourcecode.swift; path = ProfileView.swift; sourceTree = "<group>"; };
		59D2B39A2AA69C5A006551AA /* RoundedImage.swift */ = {isa = PBXFileReference; lastKnownFileType = sourcecode.swift; path = RoundedImage.swift; sourceTree = "<group>"; };
		59D2B3A02AA6A15A006551AA /* ProfileSwipePromo.swift */ = {isa = PBXFileReference; lastKnownFileType = sourcecode.swift; path = ProfileSwipePromo.swift; sourceTree = "<group>"; };
		59D2B3A32AAC18D8006551AA /* Message.swift */ = {isa = PBXFileReference; lastKnownFileType = sourcecode.swift; path = Message.swift; sourceTree = "<group>"; };
		59D2B3A52AAC1929006551AA /* Person.swift */ = {isa = PBXFileReference; lastKnownFileType = sourcecode.swift; path = Person.swift; sourceTree = "<group>"; };
		59D2B3A72AACB103006551AA /* MessagePreview.swift */ = {isa = PBXFileReference; lastKnownFileType = sourcecode.swift; path = MessagePreview.swift; sourceTree = "<group>"; };
		59D2B3AA2AACB17D006551AA /* MessageView.swift */ = {isa = PBXFileReference; lastKnownFileType = sourcecode.swift; path = MessageView.swift; sourceTree = "<group>"; };
		59D2B3AC2AACB27B006551AA /* ChatView.swift */ = {isa = PBXFileReference; lastKnownFileType = sourcecode.swift; path = ChatView.swift; sourceTree = "<group>"; };
		59D2B3AE2AACB2B7006551AA /* ChatManager.swift */ = {isa = PBXFileReference; lastKnownFileType = sourcecode.swift; path = ChatManager.swift; sourceTree = "<group>"; };
/* End PBXFileReference section */

/* Begin PBXFrameworksBuildPhase section */
		59D2B37A2AA69289006551AA /* Frameworks */ = {
			isa = PBXFrameworksBuildPhase;
			buildActionMask = 2147483647;
			files = (
				59D2B39E2AA69CA7006551AA /* KingfisherSwiftUI in Frameworks */,
			);
			runOnlyForDeploymentPostprocessing = 0;
		};
/* End PBXFrameworksBuildPhase section */

/* Begin PBXGroup section */
		59435FE92ADC8A6500C614F8 /* CardViews */ = {
			isa = PBXGroup;
			children = (
				59435FE72ADC8A6200C614F8 /* CardImageScroller.swift */,
				59435FEB2ADC903500C614F8 /* CardView.swift */,
			);
			path = CardViews;
			sourceTree = "<group>";
		};
		59435FEA2ADC8A6D00C614F8 /* Home */ = {
			isa = PBXGroup;
			children = (
				59435FE92ADC8A6500C614F8 /* CardViews */,
			);
			path = Home;
			sourceTree = "<group>";
		};
		594475852AD32C85004C2D7E /* Matches */ = {
			isa = PBXGroup;
			children = (
				594475832AD32C80004C2D7E /* LikesView.swift */,
				594475862AD32E77004C2D7E /* PersonSquareView.swift */,
				594475882AD3355C004C2D7E /* TopPicksView.swift */,
				5944758A2AD335E6004C2D7E /* MatchesView.swift */,
			);
			path = Matches;
			sourceTree = "<group>";
		};
		594475932AD37453004C2D7E /* Popups */ = {
			isa = PBXGroup;
			children = (
				594475912AD37450004C2D7E /* PurchasePopup.swift */,
				599271A62AD3798200E7C270 /* PurchaseSwipeView.swift */,
				599271A82AD37BD500E7C270 /* PurchaseOptionView.swift */,
			);
			path = Popups;
			sourceTree = "<group>";
		};
		59D2B3742AA69289006551AA = {
			isa = PBXGroup;
			children = (
				59D2B37F2AA69289006551AA /* TinderClone */,
				59D2B37E2AA69289006551AA /* Products */,
			);
			sourceTree = "<group>";
		};
		59D2B37E2AA69289006551AA /* Products */ = {
			isa = PBXGroup;
			children = (
				59D2B37D2AA69289006551AA /* TinderClone.app */,
			);
			name = Products;
			sourceTree = "<group>";
		};
		59D2B37F2AA69289006551AA /* TinderClone */ = {
			isa = PBXGroup;
			children = (
				59D2B3802AA69289006551AA /* TinderCloneApp.swift */,
				59D2B3932AA696E8006551AA /* AppStateManager.swift */,
				5944757F2AD32B79004C2D7E /* UserManager.swift */,
				59D2B3822AA69289006551AA /* ContentView.swift */,
				59D2B3922AA6952B006551AA /* MainTabBar */,
				59435FEA2ADC8A6D00C614F8 /* Home */,
				59D2B3992AA69B83006551AA /* Profile */,
				59D2B3A92AACB170006551AA /* Messages */,
				594475852AD32C85004C2D7E /* Matches */,
				594475932AD37453004C2D7E /* Popups */,
				59D2B3A22AAC18CB006551AA /* Model */,
				59D2B39F2AA69D27006551AA /* HelperView */,
				59D2B3952AA69821006551AA /* Extensions.swift */,
				59D2B3842AA6928C006551AA /* Assets.xcassets */,
				59D2B3862AA6928C006551AA /* Preview Content */,
			);
			path = TinderClone;
			sourceTree = "<group>";
		};
		59D2B3862AA6928C006551AA /* Preview Content */ = {
			isa = PBXGroup;
			children = (
				59D2B3872AA6928C006551AA /* Preview Assets.xcassets */,
			);
			path = "Preview Content";
			sourceTree = "<group>";
		};
		59D2B3922AA6952B006551AA /* MainTabBar */ = {
			isa = PBXGroup;
			children = (
				59D2B38E2AA693AE006551AA /* MainView.swift */,
				59D2B3902AA6951B006551AA /* TabBarButtonView.swift */,
			);
			path = MainTabBar;
			sourceTree = "<group>";
		};
		59D2B3992AA69B83006551AA /* Profile */ = {
			isa = PBXGroup;
			children = (
				59D2B3972AA69B7B006551AA /* ProfileView.swift */,
				59D2B3A02AA6A15A006551AA /* ProfileSwipePromo.swift */,
			);
			path = Profile;
			sourceTree = "<group>";
		};
		59D2B39F2AA69D27006551AA /* HelperView */ = {
			isa = PBXGroup;
			children = (
				59D2B39A2AA69C5A006551AA /* RoundedImage.swift */,
			);
			path = HelperView;
			sourceTree = "<group>";
		};
		59D2B3A22AAC18CB006551AA /* Model */ = {
			isa = PBXGroup;
			children = (
				59D2B3A32AAC18D8006551AA /* Message.swift */,
				594475812AD32BAA004C2D7E /* User.swift */,
				59D2B3A52AAC1929006551AA /* Person.swift */,
				59D2B3A72AACB103006551AA /* MessagePreview.swift */,
				599271AA2AD37BFC00E7C270 /* Subscription.swift */,
			);
			path = Model;
			sourceTree = "<group>";
		};
		59D2B3A92AACB170006551AA /* Messages */ = {
			isa = PBXGroup;
			children = (
				59D2B3AC2AACB27B006551AA /* ChatView.swift */,
				59D2B3AE2AACB2B7006551AA /* ChatManager.swift */,
				59A444E52AACB47700D3BE82 /* ChatViewHeader.swift */,
				59D2B3AA2AACB17D006551AA /* MessageView.swift */,
				59A444E72AACBFA200D3BE82 /* MessageListView.swift */,
				59A444E92AACBFD000D3BE82 /* MessageListViewManager.swift */,
				591D07BD2AACE0030090AB39 /* TypingBubbleView.swift */,
				591D07BF2AACEBB20090AB39 /* MessagePreviewView.swift */,
			);
			path = Messages;
			sourceTree = "<group>";
		};
/* End PBXGroup section */

/* Begin PBXNativeTarget section */
		59D2B37C2AA69289006551AA /* TinderClone */ = {
			isa = PBXNativeTarget;
			buildConfigurationList = 59D2B38B2AA6928C006551AA /* Build configuration list for PBXNativeTarget "TinderClone" */;
			buildPhases = (
				59D2B3792AA69289006551AA /* Sources */,
				59D2B37A2AA69289006551AA /* Frameworks */,
				59D2B37B2AA69289006551AA /* Resources */,
			);
			buildRules = (
			);
			dependencies = (
			);
			name = TinderClone;
			packageProductDependencies = (
				59D2B39D2AA69CA7006551AA /* KingfisherSwiftUI */,
			);
			productName = TinderClone;
			productReference = 59D2B37D2AA69289006551AA /* TinderClone.app */;
			productType = "com.apple.product-type.application";
		};
/* End PBXNativeTarget section */

/* Begin PBXProject section */
		59D2B3752AA69289006551AA /* Project object */ = {
			isa = PBXProject;
			attributes = {
				BuildIndependentTargetsInParallel = 1;
				LastSwiftUpdateCheck = 1500;
				LastUpgradeCheck = 1500;
				TargetAttributes = {
					59D2B37C2AA69289006551AA = {
						CreatedOnToolsVersion = 15.0;
					};
				};
			};
			buildConfigurationList = 59D2B3782AA69289006551AA /* Build configuration list for PBXProject "TinderClone" */;
			compatibilityVersion = "Xcode 14.0";
			developmentRegion = en;
			hasScannedForEncodings = 0;
			knownRegions = (
				en,
				Base,
			);
			mainGroup = 59D2B3742AA69289006551AA;
			packageReferences = (
				59D2B39C2AA69CA7006551AA /* XCRemoteSwiftPackageReference "Kingfisher" */,
			);
			productRefGroup = 59D2B37E2AA69289006551AA /* Products */;
			projectDirPath = "";
			projectRoot = "";
			targets = (
				59D2B37C2AA69289006551AA /* TinderClone */,
			);
		};
/* End PBXProject section */

/* Begin PBXResourcesBuildPhase section */
		59D2B37B2AA69289006551AA /* Resources */ = {
			isa = PBXResourcesBuildPhase;
			buildActionMask = 2147483647;
			files = (
				59D2B3882AA6928C006551AA /* Preview Assets.xcassets in Resources */,
				59D2B3852AA6928C006551AA /* Assets.xcassets in Resources */,
			);
			runOnlyForDeploymentPostprocessing = 0;
		};
/* End PBXResourcesBuildPhase section */

/* Begin PBXSourcesBuildPhase section */
		59D2B3792AA69289006551AA /* Sources */ = {
			isa = PBXSourcesBuildPhase;
			buildActionMask = 2147483647;
			files = (
				59D2B3AF2AACB2B7006551AA /* ChatManager.swift in Sources */,
				59A444E82AACBFA200D3BE82 /* MessageListView.swift in Sources */,
				5944758B2AD335E6004C2D7E /* MatchesView.swift in Sources */,
				59435FEC2ADC903500C614F8 /* CardView.swift in Sources */,
				59D2B3912AA6951B006551AA /* TabBarButtonView.swift in Sources */,
				59D2B39B2AA69C5A006551AA /* RoundedImage.swift in Sources */,
				594475872AD32E77004C2D7E /* PersonSquareView.swift in Sources */,
				594475892AD3355C004C2D7E /* TopPicksView.swift in Sources */,
				599271A92AD37BD500E7C270 /* PurchaseOptionView.swift in Sources */,
				59A444E62AACB47700D3BE82 /* ChatViewHeader.swift in Sources */,
				59D2B3962AA69821006551AA /* Extensions.swift in Sources */,
				59D2B3832AA69289006551AA /* ContentView.swift in Sources */,
				59D2B3AD2AACB27B006551AA /* ChatView.swift in Sources */,
				591D07BE2AACE0030090AB39 /* TypingBubbleView.swift in Sources */,
				599271A72AD3798200E7C270 /* PurchaseSwipeView.swift in Sources */,
				594475922AD37450004C2D7E /* PurchasePopup.swift in Sources */,
				594475802AD32B79004C2D7E /* UserManager.swift in Sources */,
				594475822AD32BAA004C2D7E /* User.swift in Sources */,
				59D2B3A62AAC1929006551AA /* Person.swift in Sources */,
				59D2B3AB2AACB17D006551AA /* MessageView.swift in Sources */,
				59D2B3A12AA6A15A006551AA /* ProfileSwipePromo.swift in Sources */,
				59435FE82ADC8A6200C614F8 /* CardImageScroller.swift in Sources */,
				594475842AD32C80004C2D7E /* LikesView.swift in Sources */,
				59D2B38F2AA693AE006551AA /* MainView.swift in Sources */,
				59D2B3812AA69289006551AA /* TinderCloneApp.swift in Sources */,
				59D2B3A42AAC18D8006551AA /* Message.swift in Sources */,
				599271AB2AD37BFC00E7C270 /* Subscription.swift in Sources */,
				59A444EA2AACBFD000D3BE82 /* MessageListViewManager.swift in Sources */,
				591D07C02AACEBB20090AB39 /* MessagePreviewView.swift in Sources */,
				59D2B3982AA69B7B006551AA /* ProfileView.swift in Sources */,
				59D2B3942AA696E8006551AA /* AppStateManager.swift in Sources */,
				59D2B3A82AACB103006551AA /* MessagePreview.swift in Sources */,
			);
			runOnlyForDeploymentPostprocessing = 0;
		};
/* End PBXSourcesBuildPhase section */

/* Begin XCBuildConfiguration section */
		59D2B3892AA6928C006551AA /* Debug */ = {
			isa = XCBuildConfiguration;
			buildSettings = {
				ALWAYS_SEARCH_USER_PATHS = NO;
				ASSETCATALOG_COMPILER_GENERATE_SWIFT_ASSET_SYMBOL_EXTENSIONS = YES;
				CLANG_ANALYZER_NONNULL = YES;
				CLANG_ANALYZER_NUMBER_OBJECT_CONVERSION = YES_AGGRESSIVE;
				CLANG_CXX_LANGUAGE_STANDARD = "gnu++20";
				CLANG_ENABLE_MODULES = YES;
				CLANG_ENABLE_OBJC_ARC = YES;
				CLANG_ENABLE_OBJC_WEAK = YES;
				CLANG_WARN_BLOCK_CAPTURE_AUTORELEASING = YES;
				CLANG_WARN_BOOL_CONVERSION = YES;
				CLANG_WARN_COMMA = YES;
				CLANG_WARN_CONSTANT_CONVERSION = YES;
				CLANG_WARN_DEPRECATED_OBJC_IMPLEMENTATIONS = YES;
				CLANG_WARN_DIRECT_OBJC_ISA_USAGE = YES_ERROR;
				CLANG_WARN_DOCUMENTATION_COMMENTS = YES;
				CLANG_WARN_EMPTY_BODY = YES;
				CLANG_WARN_ENUM_CONVERSION = YES;
				CLANG_WARN_INFINITE_RECURSION = YES;
				CLANG_WARN_INT_CONVERSION = YES;
				CLANG_WARN_NON_LITERAL_NULL_CONVERSION = YES;
				CLANG_WARN_OBJC_IMPLICIT_RETAIN_SELF = YES;
				CLANG_WARN_OBJC_LITERAL_CONVERSION = YES;
				CLANG_WARN_OBJC_ROOT_CLASS = YES_ERROR;
				CLANG_WARN_QUOTED_INCLUDE_IN_FRAMEWORK_HEADER = YES;
				CLANG_WARN_RANGE_LOOP_ANALYSIS = YES;
				CLANG_WARN_STRICT_PROTOTYPES = YES;
				CLANG_WARN_SUSPICIOUS_MOVE = YES;
				CLANG_WARN_UNGUARDED_AVAILABILITY = YES_AGGRESSIVE;
				CLANG_WARN_UNREACHABLE_CODE = YES;
				CLANG_WARN__DUPLICATE_METHOD_MATCH = YES;
				COPY_PHASE_STRIP = NO;
				DEBUG_INFORMATION_FORMAT = dwarf;
				ENABLE_STRICT_OBJC_MSGSEND = YES;
				ENABLE_TESTABILITY = YES;
				ENABLE_USER_SCRIPT_SANDBOXING = YES;
				GCC_C_LANGUAGE_STANDARD = gnu17;
				GCC_DYNAMIC_NO_PIC = NO;
				GCC_NO_COMMON_BLOCKS = YES;
				GCC_OPTIMIZATION_LEVEL = 0;
				GCC_PREPROCESSOR_DEFINITIONS = (
					"DEBUG=1",
					"$(inherited)",
				);
				GCC_WARN_64_TO_32_BIT_CONVERSION = YES;
				GCC_WARN_ABOUT_RETURN_TYPE = YES_ERROR;
				GCC_WARN_UNDECLARED_SELECTOR = YES;
				GCC_WARN_UNINITIALIZED_AUTOS = YES_AGGRESSIVE;
				GCC_WARN_UNUSED_FUNCTION = YES;
				GCC_WARN_UNUSED_VARIABLE = YES;
				IPHONEOS_DEPLOYMENT_TARGET = 17.0;
				LOCALIZATION_PREFERS_STRING_CATALOGS = YES;
				MTL_ENABLE_DEBUG_INFO = INCLUDE_SOURCE;
				MTL_FAST_MATH = YES;
				ONLY_ACTIVE_ARCH = YES;
				SDKROOT = iphoneos;
				SWIFT_ACTIVE_COMPILATION_CONDITIONS = "DEBUG $(inherited)";
				SWIFT_OPTIMIZATION_LEVEL = "-Onone";
			};
			name = Debug;
		};
		59D2B38A2AA6928C006551AA /* Release */ = {
			isa = XCBuildConfiguration;
			buildSettings = {
				ALWAYS_SEARCH_USER_PATHS = NO;
				ASSETCATALOG_COMPILER_GENERATE_SWIFT_ASSET_SYMBOL_EXTENSIONS = YES;
				CLANG_ANALYZER_NONNULL = YES;
				CLANG_ANALYZER_NUMBER_OBJECT_CONVERSION = YES_AGGRESSIVE;
				CLANG_CXX_LANGUAGE_STANDARD = "gnu++20";
				CLANG_ENABLE_MODULES = YES;
				CLANG_ENABLE_OBJC_ARC = YES;
				CLANG_ENABLE_OBJC_WEAK = YES;
				CLANG_WARN_BLOCK_CAPTURE_AUTORELEASING = YES;
				CLANG_WARN_BOOL_CONVERSION = YES;
				CLANG_WARN_COMMA = YES;
				CLANG_WARN_CONSTANT_CONVERSION = YES;
				CLANG_WARN_DEPRECATED_OBJC_IMPLEMENTATIONS = YES;
				CLANG_WARN_DIRECT_OBJC_ISA_USAGE = YES_ERROR;
				CLANG_WARN_DOCUMENTATION_COMMENTS = YES;
				CLANG_WARN_EMPTY_BODY = YES;
				CLANG_WARN_ENUM_CONVERSION = YES;
				CLANG_WARN_INFINITE_RECURSION = YES;
				CLANG_WARN_INT_CONVERSION = YES;
				CLANG_WARN_NON_LITERAL_NULL_CONVERSION = YES;
				CLANG_WARN_OBJC_IMPLICIT_RETAIN_SELF = YES;
				CLANG_WARN_OBJC_LITERAL_CONVERSION = YES;
				CLANG_WARN_OBJC_ROOT_CLASS = YES_ERROR;
				CLANG_WARN_QUOTED_INCLUDE_IN_FRAMEWORK_HEADER = YES;
				CLANG_WARN_RANGE_LOOP_ANALYSIS = YES;
				CLANG_WARN_STRICT_PROTOTYPES = YES;
				CLANG_WARN_SUSPICIOUS_MOVE = YES;
				CLANG_WARN_UNGUARDED_AVAILABILITY = YES_AGGRESSIVE;
				CLANG_WARN_UNREACHABLE_CODE = YES;
				CLANG_WARN__DUPLICATE_METHOD_MATCH = YES;
				COPY_PHASE_STRIP = NO;
				DEBUG_INFORMATION_FORMAT = "dwarf-with-dsym";
				ENABLE_NS_ASSERTIONS = NO;
				ENABLE_STRICT_OBJC_MSGSEND = YES;
				ENABLE_USER_SCRIPT_SANDBOXING = YES;
				GCC_C_LANGUAGE_STANDARD = gnu17;
				GCC_NO_COMMON_BLOCKS = YES;
				GCC_WARN_64_TO_32_BIT_CONVERSION = YES;
				GCC_WARN_ABOUT_RETURN_TYPE = YES_ERROR;
				GCC_WARN_UNDECLARED_SELECTOR = YES;
				GCC_WARN_UNINITIALIZED_AUTOS = YES_AGGRESSIVE;
				GCC_WARN_UNUSED_FUNCTION = YES;
				GCC_WARN_UNUSED_VARIABLE = YES;
				IPHONEOS_DEPLOYMENT_TARGET = 17.0;
				LOCALIZATION_PREFERS_STRING_CATALOGS = YES;
				MTL_ENABLE_DEBUG_INFO = NO;
				MTL_FAST_MATH = YES;
				SDKROOT = iphoneos;
				SWIFT_COMPILATION_MODE = wholemodule;
				VALIDATE_PRODUCT = YES;
			};
			name = Release;
		};
		59D2B38C2AA6928C006551AA /* Debug */ = {
			isa = XCBuildConfiguration;
			buildSettings = {
				ASSETCATALOG_COMPILER_APPICON_NAME = AppIcon;
				ASSETCATALOG_COMPILER_GLOBAL_ACCENT_COLOR_NAME = AccentColor;
				ASSETCATALOG_COMPILER_INCLUDE_ALL_APPICON_ASSETS = YES;
				CODE_SIGN_STYLE = Automatic;
				CURRENT_PROJECT_VERSION = 1;
				DEVELOPMENT_ASSET_PATHS = "\"TinderClone/Preview Content\"";
				DEVELOPMENT_TEAM = K3URZZFDQP;
				ENABLE_PREVIEWS = YES;
				GENERATE_INFOPLIST_FILE = YES;
				INFOPLIST_KEY_LSApplicationCategoryType = "public.app-category.social-networking";
				INFOPLIST_KEY_UIApplicationSceneManifest_Generation = YES;
				INFOPLIST_KEY_UIApplicationSupportsIndirectInputEvents = YES;
				INFOPLIST_KEY_UILaunchScreen_Generation = YES;
				INFOPLIST_KEY_UISupportedInterfaceOrientations = UIInterfaceOrientationPortrait;
				INFOPLIST_KEY_UISupportedInterfaceOrientations_iPad = "UIInterfaceOrientationPortrait UIInterfaceOrientationPortraitUpsideDown";
				IPHONEOS_DEPLOYMENT_TARGET = 16.2;
				LD_RUNPATH_SEARCH_PATHS = (
					"$(inherited)",
					"@executable_path/Frameworks",
				);
				MARKETING_VERSION = 1.0;
				PRODUCT_BUNDLE_IDENTIFIER = dev.tugan.demo.TinderClone;
				PRODUCT_NAME = "$(TARGET_NAME)";
				SUPPORTED_PLATFORMS = "iphoneos iphonesimulator";
				SUPPORTS_MACCATALYST = NO;
				SUPPORTS_MAC_DESIGNED_FOR_IPHONE_IPAD = NO;
				SUPPORTS_XR_DESIGNED_FOR_IPHONE_IPAD = NO;
				SWIFT_EMIT_LOC_STRINGS = YES;
				SWIFT_VERSION = 5.0;
				TARGETED_DEVICE_FAMILY = 1;
			};
			name = Debug;
		};
		59D2B38D2AA6928C006551AA /* Release */ = {
			isa = XCBuildConfiguration;
			buildSettings = {
				ASSETCATALOG_COMPILER_APPICON_NAME = AppIcon;
				ASSETCATALOG_COMPILER_GLOBAL_ACCENT_COLOR_NAME = AccentColor;
				ASSETCATALOG_COMPILER_INCLUDE_ALL_APPICON_ASSETS = YES;
				CODE_SIGN_STYLE = Automatic;
				CURRENT_PROJECT_VERSION = 1;
				DEVELOPMENT_ASSET_PATHS = "\"TinderClone/Preview Content\"";
				DEVELOPMENT_TEAM = K3URZZFDQP;
				ENABLE_PREVIEWS = YES;
				GENERATE_INFOPLIST_FILE = YES;
				INFOPLIST_KEY_LSApplicationCategoryType = "public.app-category.social-networking";
				INFOPLIST_KEY_UIApplicationSceneManifest_Generation = YES;
				INFOPLIST_KEY_UIApplicationSupportsIndirectInputEvents = YES;
				INFOPLIST_KEY_UILaunchScreen_Generation = YES;
				INFOPLIST_KEY_UISupportedInterfaceOrientations = UIInterfaceOrientationPortrait;
				INFOPLIST_KEY_UISupportedInterfaceOrientations_iPad = "UIInterfaceOrientationPortrait UIInterfaceOrientationPortraitUpsideDown";
				IPHONEOS_DEPLOYMENT_TARGET = 16.2;
				LD_RUNPATH_SEARCH_PATHS = (
					"$(inherited)",
					"@executable_path/Frameworks",
				);
				MARKETING_VERSION = 1.0;
				PRODUCT_BUNDLE_IDENTIFIER = dev.tugan.demo.TinderClone;
				PRODUCT_NAME = "$(TARGET_NAME)";
				SUPPORTED_PLATFORMS = "iphoneos iphonesimulator";
				SUPPORTS_MACCATALYST = NO;
				SUPPORTS_MAC_DESIGNED_FOR_IPHONE_IPAD = NO;
				SUPPORTS_XR_DESIGNED_FOR_IPHONE_IPAD = NO;
				SWIFT_EMIT_LOC_STRINGS = YES;
				SWIFT_VERSION = 5.0;
				TARGETED_DEVICE_FAMILY = 1;
			};
			name = Release;
		};
/* End XCBuildConfiguration section */

/* Begin XCConfigurationList section */
		59D2B3782AA69289006551AA /* Build configuration list for PBXProject "TinderClone" */ = {
			isa = XCConfigurationList;
			buildConfigurations = (
				59D2B3892AA6928C006551AA /* Debug */,
				59D2B38A2AA6928C006551AA /* Release */,
			);
			defaultConfigurationIsVisible = 0;
			defaultConfigurationName = Release;
		};
		59D2B38B2AA6928C006551AA /* Build configuration list for PBXNativeTarget "TinderClone" */ = {
			isa = XCConfigurationList;
			buildConfigurations = (
				59D2B38C2AA6928C006551AA /* Debug */,
				59D2B38D2AA6928C006551AA /* Release */,
			);
			defaultConfigurationIsVisible = 0;
			defaultConfigurationName = Release;
		};
/* End XCConfigurationList section */

/* Begin XCRemoteSwiftPackageReference section */
		59D2B39C2AA69CA7006551AA /* XCRemoteSwiftPackageReference "Kingfisher" */ = {
			isa = XCRemoteSwiftPackageReference;
			repositoryURL = "https://github.com/onevcat/Kingfisher";
			requirement = {
				kind = exactVersion;
				version = 5.15.7;
			};
		};
/* End XCRemoteSwiftPackageReference section */

/* Begin XCSwiftPackageProductDependency section */
		59D2B39D2AA69CA7006551AA /* KingfisherSwiftUI */ = {
			isa = XCSwiftPackageProductDependency;
			package = 59D2B39C2AA69CA7006551AA /* XCRemoteSwiftPackageReference "Kingfisher" */;
			productName = KingfisherSwiftUI;
		};
/* End XCSwiftPackageProductDependency section */
	};
	rootObject = 59D2B3752AA69289006551AA /* Project object */;
}
